// !$*UTF8*$!
{
	archiveVersion = 1;
	classes = {
	};
	objectVersion = 55;
	objects = {

/* Begin PBXBuildFile section */
		84C5243B284CD86600CDF828 /* AppDelegate.swift in Sources */ = {isa = PBXBuildFile; fileRef = 84C5243A284CD86600CDF828 /* AppDelegate.swift */; };
		84C5243D284CD86600CDF828 /* SceneDelegate.swift in Sources */ = {isa = PBXBuildFile; fileRef = 84C5243C284CD86600CDF828 /* SceneDelegate.swift */; };
		84C5243F284CD86600CDF828 /* HomeViewController.swift in Sources */ = {isa = PBXBuildFile; fileRef = 84C5243E284CD86600CDF828 /* HomeViewController.swift */; };
		84C52442284CD86600CDF828 /* Main.storyboard in Resources */ = {isa = PBXBuildFile; fileRef = 84C52440284CD86600CDF828 /* Main.storyboard */; };
		84C52444284CD86800CDF828 /* Assets.xcassets in Resources */ = {isa = PBXBuildFile; fileRef = 84C52443284CD86800CDF828 /* Assets.xcassets */; };
		84C52447284CD86800CDF828 /* LaunchScreen.storyboard in Resources */ = {isa = PBXBuildFile; fileRef = 84C52445284CD86800CDF828 /* LaunchScreen.storyboard */; };
		84C52450284CE8E900CDF828 /* MovieTableViewCell.swift in Sources */ = {isa = PBXBuildFile; fileRef = 84C5244E284CE8E900CDF828 /* MovieTableViewCell.swift */; };
		84C52451284CE8E900CDF828 /* MovieTableViewCell.xib in Resources */ = {isa = PBXBuildFile; fileRef = 84C5244F284CE8E900CDF828 /* MovieTableViewCell.xib */; };
		84C52453284D0E5F00CDF828 /* DetailsViewController.swift in Sources */ = {isa = PBXBuildFile; fileRef = 84C52452284D0E5E00CDF828 /* DetailsViewController.swift */; };
		84C52458284D0FC800CDF828 /* Movie.swift in Sources */ = {isa = PBXBuildFile; fileRef = 84C52457284D0FC800CDF828 /* Movie.swift */; };
		84C5245A284D287F00CDF828 /* NetworkService.swift in Sources */ = {isa = PBXBuildFile; fileRef = 84C52459284D287F00CDF828 /* NetworkService.swift */; };
		84C5245C284D2BD700CDF828 /* MovieViewModel.swift in Sources */ = {isa = PBXBuildFile; fileRef = 84C5245B284D2BD700CDF828 /* MovieViewModel.swift */; };
		84C5245E284D3CC800CDF828 /* LoadingViewController.swift in Sources */ = {isa = PBXBuildFile; fileRef = 84C5245D284D3CC800CDF828 /* LoadingViewController.swift */; };
		84C52461284D601F00CDF828 /* SnapKit in Frameworks */ = {isa = PBXBuildFile; productRef = 84C52460284D601F00CDF828 /* SnapKit */; };
/* End PBXBuildFile section */

/* Begin PBXFileReference section */
		84C52437284CD86600CDF828 /* filmProject.app */ = {isa = PBXFileReference; explicitFileType = wrapper.application; includeInIndex = 0; path = filmProject.app; sourceTree = BUILT_PRODUCTS_DIR; };
		84C5243A284CD86600CDF828 /* AppDelegate.swift */ = {isa = PBXFileReference; lastKnownFileType = sourcecode.swift; path = AppDelegate.swift; sourceTree = "<group>"; };
		84C5243C284CD86600CDF828 /* SceneDelegate.swift */ = {isa = PBXFileReference; lastKnownFileType = sourcecode.swift; path = SceneDelegate.swift; sourceTree = "<group>"; };
		84C5243E284CD86600CDF828 /* HomeViewController.swift */ = {isa = PBXFileReference; lastKnownFileType = sourcecode.swift; path = HomeViewController.swift; sourceTree = "<group>"; };
		84C52441284CD86600CDF828 /* Base */ = {isa = PBXFileReference; lastKnownFileType = file.storyboard; name = Base; path = Base.lproj/Main.storyboard; sourceTree = "<group>"; };
		84C52443284CD86800CDF828 /* Assets.xcassets */ = {isa = PBXFileReference; lastKnownFileType = folder.assetcatalog; path = Assets.xcassets; sourceTree = "<group>"; };
		84C52446284CD86800CDF828 /* Base */ = {isa = PBXFileReference; lastKnownFileType = file.storyboard; name = Base; path = Base.lproj/LaunchScreen.storyboard; sourceTree = "<group>"; };
		84C52448284CD86800CDF828 /* Info.plist */ = {isa = PBXFileReference; lastKnownFileType = text.plist.xml; path = Info.plist; sourceTree = "<group>"; };
		84C5244E284CE8E900CDF828 /* MovieTableViewCell.swift */ = {isa = PBXFileReference; lastKnownFileType = sourcecode.swift; path = MovieTableViewCell.swift; sourceTree = "<group>"; };
		84C5244F284CE8E900CDF828 /* MovieTableViewCell.xib */ = {isa = PBXFileReference; lastKnownFileType = file.xib; path = MovieTableViewCell.xib; sourceTree = "<group>"; };
		84C52452284D0E5E00CDF828 /* DetailsViewController.swift */ = {isa = PBXFileReference; lastKnownFileType = sourcecode.swift; path = DetailsViewController.swift; sourceTree = "<group>"; };
		84C52457284D0FC800CDF828 /* Movie.swift */ = {isa = PBXFileReference; lastKnownFileType = sourcecode.swift; path = Movie.swift; sourceTree = "<group>"; };
		84C52459284D287F00CDF828 /* NetworkService.swift */ = {isa = PBXFileReference; lastKnownFileType = sourcecode.swift; path = NetworkService.swift; sourceTree = "<group>"; };
		84C5245B284D2BD700CDF828 /* MovieViewModel.swift */ = {isa = PBXFileReference; lastKnownFileType = sourcecode.swift; path = MovieViewModel.swift; sourceTree = "<group>"; };
		84C5245D284D3CC800CDF828 /* LoadingViewController.swift */ = {isa = PBXFileReference; lastKnownFileType = sourcecode.swift; path = LoadingViewController.swift; sourceTree = "<group>"; };
/* End PBXFileReference section */

/* Begin PBXFrameworksBuildPhase section */
		84C52434284CD86600CDF828 /* Frameworks */ = {
			isa = PBXFrameworksBuildPhase;
			buildActionMask = 2147483647;
			files = (
				84C52461284D601F00CDF828 /* SnapKit in Frameworks */,
			);
			runOnlyForDeploymentPostprocessing = 0;
		};
/* End PBXFrameworksBuildPhase section */

/* Begin PBXGroup section */
		8439050028522520000CE8F7 /* Helpers */ = {
			isa = PBXGroup;
			children = (
				84C5245D284D3CC800CDF828 /* LoadingViewController.swift */,
			);
			path = Helpers;
			sourceTree = "<group>";
		};
		84390501285225DE000CE8F7 /* Core */ = {
			isa = PBXGroup;
			children = (
				84C5243A284CD86600CDF828 /* AppDelegate.swift */,
				84C5243C284CD86600CDF828 /* SceneDelegate.swift */,
			);
			path = Core;
			sourceTree = "<group>";
		};
		8439050228523333000CE8F7 /* Controller */ = {
			isa = PBXGroup;
			children = (
				84C5243E284CD86600CDF828 /* HomeViewController.swift */,
				84C52452284D0E5E00CDF828 /* DetailsViewController.swift */,
			);
			path = Controller;
			sourceTree = "<group>";
		};
		84C5242E284CD86600CDF828 = {
			isa = PBXGroup;
			children = (
				84C52439284CD86600CDF828 /* filmProject */,
				84C52438284CD86600CDF828 /* Products */,
			);
			sourceTree = "<group>";
		};
		84C52438284CD86600CDF828 /* Products */ = {
			isa = PBXGroup;
			children = (
				84C52437284CD86600CDF828 /* filmProject.app */,
			);
			name = Products;
			sourceTree = "<group>";
		};
		84C52439284CD86600CDF828 /* filmProject */ = {
			isa = PBXGroup;
			children = (
				84390501285225DE000CE8F7 /* Core */,
				8439050028522520000CE8F7 /* Helpers */,
				84C52454284D0F4600CDF828 /* Model */,
				84C52455284D0F5C00CDF828 /* View */,
				84C52456284D0F6200CDF828 /* ViewModel */,
				8439050228523333000CE8F7 /* Controller */,
				84C52443284CD86800CDF828 /* Assets.xcassets */,
				84C52445284CD86800CDF828 /* LaunchScreen.storyboard */,
				84C52448284CD86800CDF828 /* Info.plist */,
				84C52459284D287F00CDF828 /* NetworkService.swift */,
			);
			path = filmProject;
			sourceTree = "<group>";
		};
		84C52454284D0F4600CDF828 /* Model */ = {
			isa = PBXGroup;
			children = (
				84C52457284D0FC800CDF828 /* Movie.swift */,
			);
			path = Model;
			sourceTree = "<group>";
		};
		84C52455284D0F5C00CDF828 /* View */ = {
			isa = PBXGroup;
			children = (
				84C5244F284CE8E900CDF828 /* MovieTableViewCell.xib */,
				84C52440284CD86600CDF828 /* Main.storyboard */,
				84C5244E284CE8E900CDF828 /* MovieTableViewCell.swift */,
			);
			path = View;
			sourceTree = "<group>";
		};
		84C52456284D0F6200CDF828 /* ViewModel */ = {
			isa = PBXGroup;
			children = (
				84C5245B284D2BD700CDF828 /* MovieViewModel.swift */,
			);
			path = ViewModel;
			sourceTree = "<group>";
		};
/* End PBXGroup section */

/* Begin PBXNativeTarget section */
		84C52436284CD86600CDF828 /* filmProject */ = {
			isa = PBXNativeTarget;
			buildConfigurationList = 84C5244B284CD86800CDF828 /* Build configuration list for PBXNativeTarget "filmProject" */;
			buildPhases = (
				84C52433284CD86600CDF828 /* Sources */,
				84C52434284CD86600CDF828 /* Frameworks */,
				84C52435284CD86600CDF828 /* Resources */,
			);
			buildRules = (
			);
			dependencies = (
			);
			name = filmProject;
			packageProductDependencies = (
				84C52460284D601F00CDF828 /* SnapKit */,
			);
			productName = filmProject;
			productReference = 84C52437284CD86600CDF828 /* filmProject.app */;
			productType = "com.apple.product-type.application";
		};
/* End PBXNativeTarget section */

/* Begin PBXProject section */
		84C5242F284CD86600CDF828 /* Project object */ = {
			isa = PBXProject;
			attributes = {
				BuildIndependentTargetsInParallel = 1;
				LastSwiftUpdateCheck = 1310;
				LastUpgradeCheck = 1310;
				TargetAttributes = {
					84C52436284CD86600CDF828 = {
						CreatedOnToolsVersion = 13.1;
					};
				};
			};
			buildConfigurationList = 84C52432284CD86600CDF828 /* Build configuration list for PBXProject "FilmProject" */;
			compatibilityVersion = "Xcode 13.0";
			developmentRegion = en;
			hasScannedForEncodings = 0;
			knownRegions = (
				en,
				Base,
			);
			mainGroup = 84C5242E284CD86600CDF828;
			packageReferences = (
				84C5245F284D601F00CDF828 /* XCRemoteSwiftPackageReference "SnapKit" */,
			);
			productRefGroup = 84C52438284CD86600CDF828 /* Products */;
			projectDirPath = "";
			projectRoot = "";
			targets = (
				84C52436284CD86600CDF828 /* filmProject */,
			);
		};
/* End PBXProject section */

/* Begin PBXResourcesBuildPhase section */
		84C52435284CD86600CDF828 /* Resources */ = {
			isa = PBXResourcesBuildPhase;
			buildActionMask = 2147483647;
			files = (
				84C52447284CD86800CDF828 /* LaunchScreen.storyboard in Resources */,
				84C52444284CD86800CDF828 /* Assets.xcassets in Resources */,
				84C52451284CE8E900CDF828 /* MovieTableViewCell.xib in Resources */,
				84C52442284CD86600CDF828 /* Main.storyboard in Resources */,
			);
			runOnlyForDeploymentPostprocessing = 0;
		};
/* End PBXResourcesBuildPhase section */

/* Begin PBXSourcesBuildPhase section */
		84C52433284CD86600CDF828 /* Sources */ = {
			isa = PBXSourcesBuildPhase;
			buildActionMask = 2147483647;
			files = (
				84C5243F284CD86600CDF828 /* HomeViewController.swift in Sources */,
				84C5243B284CD86600CDF828 /* AppDelegate.swift in Sources */,
				84C52458284D0FC800CDF828 /* Movie.swift in Sources */,
				84C5245C284D2BD700CDF828 /* MovieViewModel.swift in Sources */,
				84C52450284CE8E900CDF828 /* MovieTableViewCell.swift in Sources */,
				84C5245E284D3CC800CDF828 /* LoadingViewController.swift in Sources */,
				84C5243D284CD86600CDF828 /* SceneDelegate.swift in Sources */,
				84C52453284D0E5F00CDF828 /* DetailsViewController.swift in Sources */,
				84C5245A284D287F00CDF828 /* NetworkService.swift in Sources */,
			);
			runOnlyForDeploymentPostprocessing = 0;
		};
/* End PBXSourcesBuildPhase section */

/* Begin PBXVariantGroup section */
		84C52440284CD86600CDF828 /* Main.storyboard */ = {
			isa = PBXVariantGroup;
			children = (
				84C52441284CD86600CDF828 /* Base */,
			);
			name = Main.storyboard;
			sourceTree = "<group>";
		};
		84C52445284CD86800CDF828 /* LaunchScreen.storyboard */ = {
			isa = PBXVariantGroup;
			children = (
				84C52446284CD86800CDF828 /* Base */,
			);
			name = LaunchScreen.storyboard;
			sourceTree = "<group>";
		};
/* End PBXVariantGroup section */

/* Begin XCBuildConfiguration section */
		84C52449284CD86800CDF828 /* Debug */ = {
			isa = XCBuildConfiguration;
			buildSettings = {
				ALWAYS_SEARCH_USER_PATHS = NO;
				CLANG_ANALYZER_NONNULL = YES;
				CLANG_ANALYZER_NUMBER_OBJECT_CONVERSION = YES_AGGRESSIVE;
				CLANG_CXX_LANGUAGE_STANDARD = "gnu++17";
				CLANG_CXX_LIBRARY = "libc++";
				CLANG_ENABLE_MODULES = YES;
				CLANG_ENABLE_OBJC_ARC = YES;
				CLANG_ENABLE_OBJC_WEAK = YES;
				CLANG_WARN_BLOCK_CAPTURE_AUTORELEASING = YES;
				CLANG_WARN_BOOL_CONVERSION = YES;
				CLANG_WARN_COMMA = YES;
				CLANG_WARN_CONSTANT_CONVERSION = YES;
				CLANG_WARN_DEPRECATED_OBJC_IMPLEMENTATIONS = YES;
				CLANG_WARN_DIRECT_OBJC_ISA_USAGE = YES_ERROR;
				CLANG_WARN_DOCUMENTATION_COMMENTS = YES;
				CLANG_WARN_EMPTY_BODY = YES;
				CLANG_WARN_ENUM_CONVERSION = YES;
				CLANG_WARN_INFINITE_RECURSION = YES;
				CLANG_WARN_INT_CONVERSION = YES;
				CLANG_WARN_NON_LITERAL_NULL_CONVERSION = YES;
				CLANG_WARN_OBJC_IMPLICIT_RETAIN_SELF = YES;
				CLANG_WARN_OBJC_LITERAL_CONVERSION = YES;
				CLANG_WARN_OBJC_ROOT_CLASS = YES_ERROR;
				CLANG_WARN_QUOTED_INCLUDE_IN_FRAMEWORK_HEADER = YES;
				CLANG_WARN_RANGE_LOOP_ANALYSIS = YES;
				CLANG_WARN_STRICT_PROTOTYPES = YES;
				CLANG_WARN_SUSPICIOUS_MOVE = YES;
				CLANG_WARN_UNGUARDED_AVAILABILITY = YES_AGGRESSIVE;
				CLANG_WARN_UNREACHABLE_CODE = YES;
				CLANG_WARN__DUPLICATE_METHOD_MATCH = YES;
				COPY_PHASE_STRIP = NO;
				DEBUG_INFORMATION_FORMAT = dwarf;
				ENABLE_STRICT_OBJC_MSGSEND = YES;
				ENABLE_TESTABILITY = YES;
				GCC_C_LANGUAGE_STANDARD = gnu11;
				GCC_DYNAMIC_NO_PIC = NO;
				GCC_NO_COMMON_BLOCKS = YES;
				GCC_OPTIMIZATION_LEVEL = 0;
				GCC_PREPROCESSOR_DEFINITIONS = (
					"DEBUG=1",
					"$(inherited)",
				);
				GCC_WARN_64_TO_32_BIT_CONVERSION = YES;
				GCC_WARN_ABOUT_RETURN_TYPE = YES_ERROR;
				GCC_WARN_UNDECLARED_SELECTOR = YES;
				GCC_WARN_UNINITIALIZED_AUTOS = YES_AGGRESSIVE;
				GCC_WARN_UNUSED_FUNCTION = YES;
				GCC_WARN_UNUSED_VARIABLE = YES;
				IPHONEOS_DEPLOYMENT_TARGET = 15.0;
				MTL_ENABLE_DEBUG_INFO = INCLUDE_SOURCE;
				MTL_FAST_MATH = YES;
				ONLY_ACTIVE_ARCH = YES;
				SDKROOT = iphoneos;
				SWIFT_ACTIVE_COMPILATION_CONDITIONS = DEBUG;
				SWIFT_OPTIMIZATION_LEVEL = "-Onone";
			};
			name = Debug;
		};
		84C5244A284CD86800CDF828 /* Release */ = {
			isa = XCBuildConfiguration;
			buildSettings = {
				ALWAYS_SEARCH_USER_PATHS = NO;
				CLANG_ANALYZER_NONNULL = YES;
				CLANG_ANALYZER_NUMBER_OBJECT_CONVERSION = YES_AGGRESSIVE;
				CLANG_CXX_LANGUAGE_STANDARD = "gnu++17";
				CLANG_CXX_LIBRARY = "libc++";
				CLANG_ENABLE_MODULES = YES;
				CLANG_ENABLE_OBJC_ARC = YES;
				CLANG_ENABLE_OBJC_WEAK = YES;
				CLANG_WARN_BLOCK_CAPTURE_AUTORELEASING = YES;
				CLANG_WARN_BOOL_CONVERSION = YES;
				CLANG_WARN_COMMA = YES;
				CLANG_WARN_CONSTANT_CONVERSION = YES;
				CLANG_WARN_DEPRECATED_OBJC_IMPLEMENTATIONS = YES;
				CLANG_WARN_DIRECT_OBJC_ISA_USAGE = YES_ERROR;
				CLANG_WARN_DOCUMENTATION_COMMENTS = YES;
				CLANG_WARN_EMPTY_BODY = YES;
				CLANG_WARN_ENUM_CONVERSION = YES;
				CLANG_WARN_INFINITE_RECURSION = YES;
				CLANG_WARN_INT_CONVERSION = YES;
				CLANG_WARN_NON_LITERAL_NULL_CONVERSION = YES;
				CLANG_WARN_OBJC_IMPLICIT_RETAIN_SELF = YES;
				CLANG_WARN_OBJC_LITERAL_CONVERSION = YES;
				CLANG_WARN_OBJC_ROOT_CLASS = YES_ERROR;
				CLANG_WARN_QUOTED_INCLUDE_IN_FRAMEWORK_HEADER = YES;
				CLANG_WARN_RANGE_LOOP_ANALYSIS = YES;
				CLANG_WARN_STRICT_PROTOTYPES = YES;
				CLANG_WARN_SUSPICIOUS_MOVE = YES;
				CLANG_WARN_UNGUARDED_AVAILABILITY = YES_AGGRESSIVE;
				CLANG_WARN_UNREACHABLE_CODE = YES;
				CLANG_WARN__DUPLICATE_METHOD_MATCH = YES;
				COPY_PHASE_STRIP = NO;
				DEBUG_INFORMATION_FORMAT = "dwarf-with-dsym";
				ENABLE_NS_ASSERTIONS = NO;
				ENABLE_STRICT_OBJC_MSGSEND = YES;
				GCC_C_LANGUAGE_STANDARD = gnu11;
				GCC_NO_COMMON_BLOCKS = YES;
				GCC_WARN_64_TO_32_BIT_CONVERSION = YES;
				GCC_WARN_ABOUT_RETURN_TYPE = YES_ERROR;
				GCC_WARN_UNDECLARED_SELECTOR = YES;
				GCC_WARN_UNINITIALIZED_AUTOS = YES_AGGRESSIVE;
				GCC_WARN_UNUSED_FUNCTION = YES;
				GCC_WARN_UNUSED_VARIABLE = YES;
				IPHONEOS_DEPLOYMENT_TARGET = 15.0;
				MTL_ENABLE_DEBUG_INFO = NO;
				MTL_FAST_MATH = YES;
				SDKROOT = iphoneos;
				SWIFT_COMPILATION_MODE = wholemodule;
				SWIFT_OPTIMIZATION_LEVEL = "-O";
				VALIDATE_PRODUCT = YES;
			};
			name = Release;
		};
		84C5244C284CD86800CDF828 /* Debug */ = {
			isa = XCBuildConfiguration;
			buildSettings = {
				ASSETCATALOG_COMPILER_APPICON_NAME = AppIcon;
				ASSETCATALOG_COMPILER_GLOBAL_ACCENT_COLOR_NAME = AccentColor;
				CODE_SIGN_STYLE = Automatic;
				CURRENT_PROJECT_VERSION = 1;
				GENERATE_INFOPLIST_FILE = YES;
				INFOPLIST_FILE = filmProject/Info.plist;
				INFOPLIST_KEY_UIApplicationSupportsIndirectInputEvents = YES;
				INFOPLIST_KEY_UILaunchStoryboardName = LaunchScreen;
				INFOPLIST_KEY_UIMainStoryboardFile = Main;
				INFOPLIST_KEY_UISupportedInterfaceOrientations_iPad = "UIInterfaceOrientationPortrait UIInterfaceOrientationPortraitUpsideDown UIInterfaceOrientationLandscapeLeft UIInterfaceOrientationLandscapeRight";
				INFOPLIST_KEY_UISupportedInterfaceOrientations_iPhone = "UIInterfaceOrientationPortrait UIInterfaceOrientationLandscapeLeft UIInterfaceOrientationLandscapeRight";
				LD_RUNPATH_SEARCH_PATHS = (
					"$(inherited)",
					"@executable_path/Frameworks",
				);
				MARKETING_VERSION = 1.0;
				PRODUCT_BUNDLE_IDENTIFIER = com.emir.filmProject;
				PRODUCT_NAME = "$(TARGET_NAME)";
				SWIFT_EMIT_LOC_STRINGS = YES;
				SWIFT_VERSION = 5.0;
				TARGETED_DEVICE_FAMILY = "1,2";
			};
			name = Debug;
		};
		84C5244D284CD86800CDF828 /* Release */ = {
			isa = XCBuildConfiguration;
			buildSettings = {
				ASSETCATALOG_COMPILER_APPICON_NAME = AppIcon;
				ASSETCATALOG_COMPILER_GLOBAL_ACCENT_COLOR_NAME = AccentColor;
				CODE_SIGN_STYLE = Automatic;
				CURRENT_PROJECT_VERSION = 1;
				GENERATE_INFOPLIST_FILE = YES;
				INFOPLIST_FILE = filmProject/Info.plist;
				INFOPLIST_KEY_UIApplicationSupportsIndirectInputEvents = YES;
				INFOPLIST_KEY_UILaunchStoryboardName = LaunchScreen;
				INFOPLIST_KEY_UIMainStoryboardFile = Main;
				INFOPLIST_KEY_UISupportedInterfaceOrientations_iPad = "UIInterfaceOrientationPortrait UIInterfaceOrientationPortraitUpsideDown UIInterfaceOrientationLandscapeLeft UIInterfaceOrientationLandscapeRight";
				INFOPLIST_KEY_UISupportedInterfaceOrientations_iPhone = "UIInterfaceOrientationPortrait UIInterfaceOrientationLandscapeLeft UIInterfaceOrientationLandscapeRight";
				LD_RUNPATH_SEARCH_PATHS = (
					"$(inherited)",
					"@executable_path/Frameworks",
				);
				MARKETING_VERSION = 1.0;
				PRODUCT_BUNDLE_IDENTIFIER = com.emir.filmProject;
				PRODUCT_NAME = "$(TARGET_NAME)";
				SWIFT_EMIT_LOC_STRINGS = YES;
				SWIFT_VERSION = 5.0;
				TARGETED_DEVICE_FAMILY = "1,2";
			};
			name = Release;
		};
/* End XCBuildConfiguration section */

/* Begin XCConfigurationList section */
		84C52432284CD86600CDF828 /* Build configuration list for PBXProject "FilmProject" */ = {
			isa = XCConfigurationList;
			buildConfigurations = (
				84C52449284CD86800CDF828 /* Debug */,
				84C5244A284CD86800CDF828 /* Release */,
			);
			defaultConfigurationIsVisible = 0;
			defaultConfigurationName = Release;
		};
		84C5244B284CD86800CDF828 /* Build configuration list for PBXNativeTarget "filmProject" */ = {
			isa = XCConfigurationList;
			buildConfigurations = (
				84C5244C284CD86800CDF828 /* Debug */,
				84C5244D284CD86800CDF828 /* Release */,
			);
			defaultConfigurationIsVisible = 0;
			defaultConfigurationName = Release;
		};
/* End XCConfigurationList section */

/* Begin XCRemoteSwiftPackageReference section */
		84C5245F284D601F00CDF828 /* XCRemoteSwiftPackageReference "SnapKit" */ = {
			isa = XCRemoteSwiftPackageReference;
			repositoryURL = "https://github.com/SnapKit/SnapKit.git";
			requirement = {
				kind = upToNextMajorVersion;
				minimumVersion = 5.0.0;
			};
		};
/* End XCRemoteSwiftPackageReference section */

/* Begin XCSwiftPackageProductDependency section */
		84C52460284D601F00CDF828 /* SnapKit */ = {
			isa = XCSwiftPackageProductDependency;
			package = 84C5245F284D601F00CDF828 /* XCRemoteSwiftPackageReference "SnapKit" */;
			productName = SnapKit;
		};
/* End XCSwiftPackageProductDependency section */
	};
	rootObject = 84C5242F284CD86600CDF828 /* Project object */;
}
